
Microsoft Visual Studio Solution File, Format Version 12.00
# Visual Studio Version 17
VisualStudioVersion = 17.4.33205.214
MinimumVisualStudioVersion = 10.0.40219.1
Project("{FAE04EC0-301F-11D3-BF4B-00C04F79EFBC}") = "Stockgazers", "Stockgazers\Stockgazers.csproj", "{B14DCA06-2FEB-4DFC-A6D5-C9642C127C57}"
EndProject
Global
	GlobalSection(SolutionConfigurationPlatforms) = preSolution
		Debug|Any CPU = Debug|Any CPU
		Release|Any CPU = Release|Any CPU
	EndGlobalSection
	GlobalSection(ProjectConfigurationPlatforms) = postSolution
		{B14DCA06-2FEB-4DFC-A6D5-C9642C127C57}.Debug|Any CPU.ActiveCfg = Debug|Any CPU
		{B14DCA06-2FEB-4DFC-A6D5-C9642C127C57}.Debug|Any CPU.Build.0 = Debug|Any CPU
		{B14DCA06-2FEB-4DFC-A6D5-C9642C127C57}.Release|Any CPU.ActiveCfg = Release|Any CPU
		{B14DCA06-2FEB-4DFC-A6D5-C9642C127C57}.Release|Any CPU.Build.0 = Release|Any CPU
	EndGlobalSection
	GlobalSection(SolutionProperties) = preSolution
		HideSolutionNode = FALSE
	EndGlobalSection
	GlobalSection(ExtensibilityGlobals) = postSolution
		SolutionGuid = {3070D388-3A25-40AD-A57C-3A870825B383}
	EndGlobalSection
EndGlobal
